
Microsoft Visual Studio Solution File, Format Version 12.00
# Visual Studio Version 17
VisualStudioVersion = 17.7.34221.43
MinimumVisualStudioVersion = 10.0.40219.1
Project("{FAE04EC0-301F-11D3-BF4B-00C04F79EFBC}") = "MVC_TravelProject", "MVC_TravelProject.csproj", "{0E8B658C-66DE-4585-864C-A27D9C9270ED}"
EndProject
Global
	GlobalSection(SolutionConfigurationPlatforms) = preSolution
		Debug|Any CPU = Debug|Any CPU
		Release|Any CPU = Release|Any CPU
	EndGlobalSection
	GlobalSection(ProjectConfigurationPlatforms) = postSolution
		{0E8B658C-66DE-4585-864C-A27D9C9270ED}.Debug|Any CPU.ActiveCfg = Debug|Any CPU
		{0E8B658C-66DE-4585-864C-A27D9C9270ED}.Debug|Any CPU.Build.0 = Debug|Any CPU
		{0E8B658C-66DE-4585-864C-A27D9C9270ED}.Release|Any CPU.ActiveCfg = Release|Any CPU
		{0E8B658C-66DE-4585-864C-A27D9C9270ED}.Release|Any CPU.Build.0 = Release|Any CPU
	EndGlobalSection
	GlobalSection(SolutionProperties) = preSolution
		HideSolutionNode = FALSE
	EndGlobalSection
	GlobalSection(ExtensibilityGlobals) = postSolution
		SolutionGuid = {0A79D6CD-82DB-4BE0-85F0-DB090ABD6910}
	EndGlobalSection
EndGlobal
